Microsoft Visual Studio Solution File, Format Version 12.00
# Visual Studio Version 17
VisualStudioVersion = 17.13.35919.96
MinimumVisualStudioVersion = 10.0.40219.1
Project("{FAE04EC0-301F-11D3-BF4B-00C04F79EFBC}") = "Midterm Practice", "Midterm Practice.csproj", "{64B7FE77-4D72-4A6D-8A87-E31384717003}"
EndProject
Global
	GlobalSection(SolutionConfigurationPlatforms) = preSolution
		Debug|Any CPU = Debug|Any CPU
		Release|Any CPU = Release|Any CPU
	EndGlobalSection
	GlobalSection(ProjectConfigurationPlatforms) = postSolution
		{64B7FE77-4D72-4A6D-8A87-E31384717003}.Debug|Any CPU.ActiveCfg = Debug|Any CPU
		{64B7FE77-4D72-4A6D-8A87-E31384717003}.Debug|Any CPU.Build.0 = Debug|Any CPU
		{64B7FE77-4D72-4A6D-8A87-E31384717003}.Release|Any CPU.ActiveCfg = Release|Any CPU
		{64B7FE77-4D72-4A6D-8A87-E31384717003}.Release|Any CPU.Build.0 = Release|Any CPU
	EndGlobalSection
	GlobalSection(SolutionProperties) = preSolution
		HideSolutionNode = FALSE
	EndGlobalSection
	GlobalSection(ExtensibilityGlobals) = postSolution
		SolutionGuid = {F31B1A78-F573-4AF1-8419-EEF98F824597}
	EndGlobalSection
EndGlobal
